
Microsoft Visual Studio Solution File, Format Version 12.00
# Visual Studio Version 16
VisualStudioVersion = 16.0.31729.503
MinimumVisualStudioVersion = 10.0.40219.1
Project("{FAE04EC0-301F-11D3-BF4B-00C04F79EFBC}") = "Nomina", "Nomina\Nomina.csproj", "{74F7DABD-4043-4611-A7A4-FE808F26A810}"
EndProject
Project("{FAE04EC0-301F-11D3-BF4B-00C04F79EFBC}") = "C_Datos", "C_Datos\C_Datos.csproj", "{29ECC474-8913-459F-B4E9-00D109DFB872}"
EndProject
Project("{FAE04EC0-301F-11D3-BF4B-00C04F79EFBC}") = "C_Negocio", "C_Negocio\C_Negocio.csproj", "{4B4DC166-483F-4E41-8308-B77B96A44ABE}"
EndProject
Project("{FAE04EC0-301F-11D3-BF4B-00C04F79EFBC}") = "C_Entidad", "C_Entidad\C_Entidad.csproj", "{054A907F-36AD-49AF-961D-92F03D06C087}"
EndProject
Global
	GlobalSection(SolutionConfigurationPlatforms) = preSolution
		Debug|Any CPU = Debug|Any CPU
		Release|Any CPU = Release|Any CPU
	EndGlobalSection
	GlobalSection(ProjectConfigurationPlatforms) = postSolution
		{74F7DABD-4043-4611-A7A4-FE808F26A810}.Debug|Any CPU.ActiveCfg = Debug|Any CPU
		{74F7DABD-4043-4611-A7A4-FE808F26A810}.Debug|Any CPU.Build.0 = Debug|Any CPU
		{74F7DABD-4043-4611-A7A4-FE808F26A810}.Release|Any CPU.ActiveCfg = Release|Any CPU
		{74F7DABD-4043-4611-A7A4-FE808F26A810}.Release|Any CPU.Build.0 = Release|Any CPU
		{29ECC474-8913-459F-B4E9-00D109DFB872}.Debug|Any CPU.ActiveCfg = Debug|Any CPU
		{29ECC474-8913-459F-B4E9-00D109DFB872}.Debug|Any CPU.Build.0 = Debug|Any CPU
		{29ECC474-8913-459F-B4E9-00D109DFB872}.Release|Any CPU.ActiveCfg = Release|Any CPU
		{29ECC474-8913-459F-B4E9-00D109DFB872}.Release|Any CPU.Build.0 = Release|Any CPU
		{4B4DC166-483F-4E41-8308-B77B96A44ABE}.Debug|Any CPU.ActiveCfg = Debug|Any CPU
		{4B4DC166-483F-4E41-8308-B77B96A44ABE}.Debug|Any CPU.Build.0 = Debug|Any CPU
		{4B4DC166-483F-4E41-8308-B77B96A44ABE}.Release|Any CPU.ActiveCfg = Release|Any CPU
		{4B4DC166-483F-4E41-8308-B77B96A44ABE}.Release|Any CPU.Build.0 = Release|Any CPU
		{054A907F-36AD-49AF-961D-92F03D06C087}.Debug|Any CPU.ActiveCfg = Debug|Any CPU
		{054A907F-36AD-49AF-961D-92F03D06C087}.Debug|Any CPU.Build.0 = Debug|Any CPU
		{054A907F-36AD-49AF-961D-92F03D06C087}.Release|Any CPU.ActiveCfg = Release|Any CPU
		{054A907F-36AD-49AF-961D-92F03D06C087}.Release|Any CPU.Build.0 = Release|Any CPU
	EndGlobalSection
	GlobalSection(SolutionProperties) = preSolution
		HideSolutionNode = FALSE
	EndGlobalSection
	GlobalSection(ExtensibilityGlobals) = postSolution
		SolutionGuid = {BD613DF8-5CF4-4A11-A0D4-B364264193B8}
	EndGlobalSection
EndGlobal
